
Microsoft Visual Studio Solution File, Format Version 12.00
# Visual Studio Version 16
VisualStudioVersion = 16.0.30114.105
MinimumVisualStudioVersion = 10.0.40219.1
Project("{FAE04EC0-301F-11D3-BF4B-00C04F79EFBC}") = "SportsStore", "SportsStore\SportsStore.csproj", "{7D0D38D7-9F34-465C-8AFB-DF31CC91E011}"
EndProject
Project("{FAE04EC0-301F-11D3-BF4B-00C04F79EFBC}") = "SportsStore.Tests", "SportsStore.Tests\SportsStore.Tests.csproj", "{8C771122-524C-4E1A-81B2-02EB5689B6C3}"
EndProject
Global
	GlobalSection(SolutionConfigurationPlatforms) = preSolution
		Debug|Any CPU = Debug|Any CPU
		Release|Any CPU = Release|Any CPU
	EndGlobalSection
	GlobalSection(ProjectConfigurationPlatforms) = postSolution
		{7D0D38D7-9F34-465C-8AFB-DF31CC91E011}.Debug|Any CPU.ActiveCfg = Debug|Any CPU
		{7D0D38D7-9F34-465C-8AFB-DF31CC91E011}.Debug|Any CPU.Build.0 = Debug|Any CPU
		{7D0D38D7-9F34-465C-8AFB-DF31CC91E011}.Release|Any CPU.ActiveCfg = Release|Any CPU
		{7D0D38D7-9F34-465C-8AFB-DF31CC91E011}.Release|Any CPU.Build.0 = Release|Any CPU
		{8C771122-524C-4E1A-81B2-02EB5689B6C3}.Debug|Any CPU.ActiveCfg = Debug|Any CPU
		{8C771122-524C-4E1A-81B2-02EB5689B6C3}.Debug|Any CPU.Build.0 = Debug|Any CPU
		{8C771122-524C-4E1A-81B2-02EB5689B6C3}.Release|Any CPU.ActiveCfg = Release|Any CPU
		{8C771122-524C-4E1A-81B2-02EB5689B6C3}.Release|Any CPU.Build.0 = Release|Any CPU
	EndGlobalSection
	GlobalSection(SolutionProperties) = preSolution
		HideSolutionNode = FALSE
	EndGlobalSection
	GlobalSection(ExtensibilityGlobals) = postSolution
		SolutionGuid = {FF124846-BA70-4EF7-9A3F-F7D92F982624}
	EndGlobalSection
EndGlobal
